
Microsoft Visual Studio Solution File, Format Version 12.00
# Visual Studio 2012
Project("{FAE04EC0-301F-11D3-BF4B-00C04F79EFBC}") = "ConvolutionalNeuralNetworks", "ConvolutionalNeuralNetworks\ConvolutionalNeuralNetworks.csproj", "{4E83FB2A-0E67-435D-9744-5F5BD773EB04}"
EndProject
Global
	GlobalSection(SolutionConfigurationPlatforms) = preSolution
		Debug|Any CPU = Debug|Any CPU
		Debug|Mixed Platforms = Debug|Mixed Platforms
		Debug|x64 = Debug|x64
		Debug|x86 = Debug|x86
		Release|Any CPU = Release|Any CPU
		Release|Mixed Platforms = Release|Mixed Platforms
		Release|x64 = Release|x64
		Release|x86 = Release|x86
	EndGlobalSection
	GlobalSection(ProjectConfigurationPlatforms) = postSolution
		{4E83FB2A-0E67-435D-9744-5F5BD773EB04}.Debug|Any CPU.ActiveCfg = Debug|Any CPU
		{4E83FB2A-0E67-435D-9744-5F5BD773EB04}.Debug|Any CPU.Build.0 = Debug|Any CPU
		{4E83FB2A-0E67-435D-9744-5F5BD773EB04}.Debug|Mixed Platforms.ActiveCfg = Debug|Any CPU
		{4E83FB2A-0E67-435D-9744-5F5BD773EB04}.Debug|Mixed Platforms.Build.0 = Debug|Any CPU
		{4E83FB2A-0E67-435D-9744-5F5BD773EB04}.Debug|x64.ActiveCfg = Debug|x64
		{4E83FB2A-0E67-435D-9744-5F5BD773EB04}.Debug|x64.Build.0 = Debug|x64
		{4E83FB2A-0E67-435D-9744-5F5BD773EB04}.Debug|x86.ActiveCfg = Debug|Any CPU
		{4E83FB2A-0E67-435D-9744-5F5BD773EB04}.Release|Any CPU.ActiveCfg = Release|x64
		{4E83FB2A-0E67-435D-9744-5F5BD773EB04}.Release|Any CPU.Build.0 = Release|x64
		{4E83FB2A-0E67-435D-9744-5F5BD773EB04}.Release|Mixed Platforms.ActiveCfg = Release|Any CPU
		{4E83FB2A-0E67-435D-9744-5F5BD773EB04}.Release|Mixed Platforms.Build.0 = Release|Any CPU
		{4E83FB2A-0E67-435D-9744-5F5BD773EB04}.Release|x64.ActiveCfg = Release|x64
		{4E83FB2A-0E67-435D-9744-5F5BD773EB04}.Release|x64.Build.0 = Release|x64
		{4E83FB2A-0E67-435D-9744-5F5BD773EB04}.Release|x86.ActiveCfg = Release|Any CPU
	EndGlobalSection
	GlobalSection(SolutionProperties) = preSolution
		HideSolutionNode = FALSE
	EndGlobalSection
EndGlobal
